
Microsoft Visual Studio Solution File, Format Version 12.00
# Visual Studio Version 17
VisualStudioVersion = 17.5.002.0
MinimumVisualStudioVersion = 10.0.40219.1
Project("{9A19103F-16F7-4668-BE54-9A1E7A4F7556}") = "DojoSurvey", "DojoSurvey.csproj", "{B09966CD-8638-443F-B00B-25D6B7B01EE2}"
EndProject
Global
	GlobalSection(SolutionConfigurationPlatforms) = preSolution
		Debug|Any CPU = Debug|Any CPU
		Release|Any CPU = Release|Any CPU
	EndGlobalSection
	GlobalSection(ProjectConfigurationPlatforms) = postSolution
		{B09966CD-8638-443F-B00B-25D6B7B01EE2}.Debug|Any CPU.ActiveCfg = Debug|Any CPU
		{B09966CD-8638-443F-B00B-25D6B7B01EE2}.Debug|Any CPU.Build.0 = Debug|Any CPU
		{B09966CD-8638-443F-B00B-25D6B7B01EE2}.Release|Any CPU.ActiveCfg = Release|Any CPU
		{B09966CD-8638-443F-B00B-25D6B7B01EE2}.Release|Any CPU.Build.0 = Release|Any CPU
	EndGlobalSection
	GlobalSection(SolutionProperties) = preSolution
		HideSolutionNode = FALSE
	EndGlobalSection
	GlobalSection(ExtensibilityGlobals) = postSolution
		SolutionGuid = {29AF5ABA-6B72-45CD-9ADB-2874EC8A1048}
	EndGlobalSection
EndGlobal
