
Microsoft Visual Studio Solution File, Format Version 12.00
# Visual Studio Version 17
VisualStudioVersion = 17.5.002.0
MinimumVisualStudioVersion = 10.0.40219.1
Project("{9A19103F-16F7-4668-BE54-9A1E7A4F7556}") = "RazorFun", "RazorFun\RazorFun.csproj", "{A74AF99A-5753-4466-B014-F21FF24EFF17}"
EndProject
Global
	GlobalSection(SolutionConfigurationPlatforms) = preSolution
		Debug|Any CPU = Debug|Any CPU
		Release|Any CPU = Release|Any CPU
	EndGlobalSection
	GlobalSection(ProjectConfigurationPlatforms) = postSolution
		{A74AF99A-5753-4466-B014-F21FF24EFF17}.Debug|Any CPU.ActiveCfg = Debug|Any CPU
		{A74AF99A-5753-4466-B014-F21FF24EFF17}.Debug|Any CPU.Build.0 = Debug|Any CPU
		{A74AF99A-5753-4466-B014-F21FF24EFF17}.Release|Any CPU.ActiveCfg = Release|Any CPU
		{A74AF99A-5753-4466-B014-F21FF24EFF17}.Release|Any CPU.Build.0 = Release|Any CPU
	EndGlobalSection
	GlobalSection(SolutionProperties) = preSolution
		HideSolutionNode = FALSE
	EndGlobalSection
	GlobalSection(ExtensibilityGlobals) = postSolution
		SolutionGuid = {44B4CCBE-AF69-4CF9-B481-1D990C0C9980}
	EndGlobalSection
EndGlobal
