
Microsoft Visual Studio Solution File, Format Version 12.00
# Visual Studio Version 17
VisualStudioVersion = 17.5.002.0
MinimumVisualStudioVersion = 10.0.40219.1
Project("{9A19103F-16F7-4668-BE54-9A1E7A4F7556}") = "DebuggingChallenge", "DebuggingChallenge.csproj", "{E636DF11-16CD-4CA6-A808-A19859C3954D}"
EndProject
Global
	GlobalSection(SolutionConfigurationPlatforms) = preSolution
		Debug|Any CPU = Debug|Any CPU
		Release|Any CPU = Release|Any CPU
	EndGlobalSection
	GlobalSection(ProjectConfigurationPlatforms) = postSolution
		{E636DF11-16CD-4CA6-A808-A19859C3954D}.Debug|Any CPU.ActiveCfg = Debug|Any CPU
		{E636DF11-16CD-4CA6-A808-A19859C3954D}.Debug|Any CPU.Build.0 = Debug|Any CPU
		{E636DF11-16CD-4CA6-A808-A19859C3954D}.Release|Any CPU.ActiveCfg = Release|Any CPU
		{E636DF11-16CD-4CA6-A808-A19859C3954D}.Release|Any CPU.Build.0 = Release|Any CPU
	EndGlobalSection
	GlobalSection(SolutionProperties) = preSolution
		HideSolutionNode = FALSE
	EndGlobalSection
	GlobalSection(ExtensibilityGlobals) = postSolution
		SolutionGuid = {39547204-F3E6-4841-A724-CBE6C8FE82D6}
	EndGlobalSection
EndGlobal
